
Microsoft Visual Studio Solution File, Format Version 12.00
# Visual Studio Version 16
VisualStudioVersion = 16.0.30907.101
MinimumVisualStudioVersion = 10.0.40219.1
Project("{9A19103F-16F7-4668-BE54-9A1E7A4F7556}") = "internapi", "internapi.csproj", "{1A9A6F1E-68E0-487F-83B6-0DE3EB4DFF73}"
EndProject
Global
	GlobalSection(SolutionConfigurationPlatforms) = preSolution
		Debug|Any CPU = Debug|Any CPU
		Release|Any CPU = Release|Any CPU
	EndGlobalSection
	GlobalSection(ProjectConfigurationPlatforms) = postSolution
		{1A9A6F1E-68E0-487F-83B6-0DE3EB4DFF73}.Debug|Any CPU.ActiveCfg = Debug|Any CPU
		{1A9A6F1E-68E0-487F-83B6-0DE3EB4DFF73}.Debug|Any CPU.Build.0 = Debug|Any CPU
		{1A9A6F1E-68E0-487F-83B6-0DE3EB4DFF73}.Release|Any CPU.ActiveCfg = Release|Any CPU
		{1A9A6F1E-68E0-487F-83B6-0DE3EB4DFF73}.Release|Any CPU.Build.0 = Release|Any CPU
	EndGlobalSection
	GlobalSection(SolutionProperties) = preSolution
		HideSolutionNode = FALSE
	EndGlobalSection
	GlobalSection(ExtensibilityGlobals) = postSolution
		SolutionGuid = {6EC2E1E7-E49B-43AF-ACC8-5AA4F101B63E}
	EndGlobalSection
EndGlobal
